// !$*UTF8*$!
{
	archiveVersion = 1;
	classes = {
	};
	objectVersion = 77;
	objects = {

/* Begin PBXBuildFile section */
		79D64DCD2FFD6BBB008229CA /* TapFrenzyView.swift in Sources */ = {isa = PBXBuildFile; fileRef = 79D64DCC2FFD6BBB008229CA /* TapFrenzyView.swift */; };
		79D64DF32FFE0EE2008229CA /* HomeTab.swift in Sources */ = {isa = PBXBuildFile; fileRef = 79D64DF12FFE0ED8008229CA /* HomeTab.swift */; };
		79D64DF62FFE125F008229CA /* Card.swift in Sources */ = {isa = PBXBuildFile; fileRef = 79D64DF42FFE0F80008229CA /* Card.swift */; };
		79D64DF92FFE1316008229CA /* GameLevel.swift in Sources */ = {isa = PBXBuildFile; fileRef = 79D64DF72FFE1312008229CA /* GameLevel.swift */; };
		79D64DFC2FFE1748008229CA /* LightItUpView.swift in Sources */ = {isa = PBXBuildFile; fileRef = 79D64DFA2FFE1744008229CA /* LightItUpView.swift */; };
		79D64DFF2FFEB315008229CA /* TriviaQuestion.swift in Sources */ = {isa = PBXBuildFile; fileRef = 79D64DFD2FFEB314008229CA /* TriviaQuestion.swift */; };
		79D64E022FFEB438008229CA /* TriviaAPI.swift in Sources */ = {isa = PBXBuildFile; fileRef = 79D64E002FFEB437008229CA /* TriviaAPI.swift */; };
		79D64E052FFEBA9F008229CA /* QuizRushVM.swift in Sources */ = {isa = PBXBuildFile; fileRef = 79D64E032FFEBA9D008229CA /* QuizRushVM.swift */; };
		79D64E082FFEC8A7008229CA /* QuizRushView.swift in Sources */ = {isa = PBXBuildFile; fileRef = 79D64E062FFEC8A6008229CA /* QuizRushView.swift */; };
		79D64E1130000860008229CA /* GameMode.swift in Sources */ = {isa = PBXBuildFile; fileRef = 79D64E103000085F008229CA /* GameMode.swift */; };
		79D64E1330000921008229CA /* GameSession.swift in Sources */ = {isa = PBXBuildFile; fileRef = 79D64E1230000908008229CA /* GameSession.swift */; };
		79D64E1530000AF5008229CA /* TapFrenzyVM.swift in Sources */ = {isa = PBXBuildFile; fileRef = 79D64E1430000AF4008229CA /* TapFrenzyVM.swift */; };
		79D64E1730000B68008229CA /* LightItUpVM.swift in Sources */ = {isa = PBXBuildFile; fileRef = 79D64E1630000B67008229CA /* LightItUpVM.swift */; };
		79D64E193000A75C008229CA /* StatsTab.swift in Sources */ = {isa = PBXBuildFile; fileRef = 79D64E183000A75A008229CA /* StatsTab.swift */; };
		79D64E1B3000A777008229CA /* MapTab.swift in Sources */ = {isa = PBXBuildFile; fileRef = 79D64E1A3000A776008229CA /* MapTab.swift */; };
		79D64E1D3000A78A008229CA /* SettingsTab.swift in Sources */ = {isa = PBXBuildFile; fileRef = 79D64E1C3000A784008229CA /* SettingsTab.swift */; };
		79D64E1F3000B149008229CA /* LocationService.swift in Sources */ = {isa = PBXBuildFile; fileRef = 79D64E1E3000B147008229CA /* LocationService.swift */; };
		79D64E213000B1F0008229CA /* StatsVM.swift in Sources */ = {isa = PBXBuildFile; fileRef = 79D64E203000B1EE008229CA /* StatsVM.swift */; };
		79D64E2430010D1D008229CA /* NotificationService.swift in Sources */ = {isa = PBXBuildFile; fileRef = 79D64E2330010D17008229CA /* NotificationService.swift */; };
/* End PBXBuildFile section */

/* Begin PBXContainerItemProxy section */
		79D64DD52FFD6BBD008229CA /* PBXContainerItemProxy */ = {
			isa = PBXContainerItemProxy;
			containerPortal = 79D64DBF2FFD6BBB008229CA /* Project object */;
			proxyType = 1;
			remoteGlobalIDString = 79D64DC62FFD6BBB008229CA;
			remoteInfo = TapFrenzy;
		};
		79D64DDF2FFD6BBD008229CA /* PBXContainerItemProxy */ = {
			isa = PBXContainerItemProxy;
			containerPortal = 79D64DBF2FFD6BBB008229CA /* Project object */;
			proxyType = 1;
			remoteGlobalIDString = 79D64DC62FFD6BBB008229CA;
			remoteInfo = TapFrenzy;
		};
/* End PBXContainerItemProxy section */

/* Begin PBXFileReference section */
		79D64DC72FFD6BBB008229CA /* TapFrenzy.app */ = {isa = PBXFileReference; explicitFileType = wrapper.application; includeInIndex = 0; path = TapFrenzy.app; sourceTree = BUILT_PRODUCTS_DIR; };
		79D64DCC2FFD6BBB008229CA /* TapFrenzyView.swift */ = {isa = PBXFileReference; lastKnownFileType = sourcecode.swift; path = TapFrenzyView.swift; sourceTree = "<group>"; };
		79D64DD42FFD6BBD008229CA /* TapFrenzyTests.xctest */ = {isa = PBXFileReference; explicitFileType = wrapper.cfbundle; includeInIndex = 0; path = TapFrenzyTests.xctest; sourceTree = BUILT_PRODUCTS_DIR; };
		79D64DDE2FFD6BBD008229CA /* TapFrenzyUITests.xctest */ = {isa = PBXFileReference; explicitFileType = wrapper.cfbundle; includeInIndex = 0; path = TapFrenzyUITests.xctest; sourceTree = BUILT_PRODUCTS_DIR; };
		79D64DF12FFE0ED8008229CA /* HomeTab.swift */ = {isa = PBXFileReference; lastKnownFileType = sourcecode.swift; path = HomeTab.swift; sourceTree = "<group>"; };
		79D64DF42FFE0F80008229CA /* Card.swift */ = {isa = PBXFileReference; lastKnownFileType = sourcecode.swift; path = Card.swift; sourceTree = "<group>"; };
		79D64DF72FFE1312008229CA /* GameLevel.swift */ = {isa = PBXFileReference; lastKnownFileType = sourcecode.swift; path = GameLevel.swift; sourceTree = "<group>"; };
		79D64DFA2FFE1744008229CA /* LightItUpView.swift */ = {isa = PBXFileReference; lastKnownFileType = sourcecode.swift; path = LightItUpView.swift; sourceTree = "<group>"; };
		79D64DFD2FFEB314008229CA /* TriviaQuestion.swift */ = {isa = PBXFileReference; lastKnownFileType = sourcecode.swift; path = TriviaQuestion.swift; sourceTree = "<group>"; };
		79D64E002FFEB437008229CA /* TriviaAPI.swift */ = {isa = PBXFileReference; lastKnownFileType = sourcecode.swift; path = TriviaAPI.swift; sourceTree = "<group>"; };
		79D64E032FFEBA9D008229CA /* QuizRushVM.swift */ = {isa = PBXFileReference; lastKnownFileType = sourcecode.swift; path = QuizRushVM.swift; sourceTree = "<group>"; };
		79D64E062FFEC8A6008229CA /* QuizRushView.swift */ = {isa = PBXFileReference; lastKnownFileType = sourcecode.swift; path = QuizRushView.swift; sourceTree = "<group>"; };
		79D64E103000085F008229CA /* GameMode.swift */ = {isa = PBXFileReference; lastKnownFileType = sourcecode.swift; path = GameMode.swift; sourceTree = "<group>"; };
		79D64E1230000908008229CA /* GameSession.swift */ = {isa = PBXFileReference; lastKnownFileType = sourcecode.swift; path = GameSession.swift; sourceTree = "<group>"; };
		79D64E1430000AF4008229CA /* TapFrenzyVM.swift */ = {isa = PBXFileReference; lastKnownFileType = sourcecode.swift; path = TapFrenzyVM.swift; sourceTree = "<group>"; };
		79D64E1630000B67008229CA /* LightItUpVM.swift */ = {isa = PBXFileReference; lastKnownFileType = sourcecode.swift; path = LightItUpVM.swift; sourceTree = "<group>"; };
		79D64E183000A75A008229CA /* StatsTab.swift */ = {isa = PBXFileReference; lastKnownFileType = sourcecode.swift; path = StatsTab.swift; sourceTree = "<group>"; };
		79D64E1A3000A776008229CA /* MapTab.swift */ = {isa = PBXFileReference; lastKnownFileType = sourcecode.swift; path = MapTab.swift; sourceTree = "<group>"; };
		79D64E1C3000A784008229CA /* SettingsTab.swift */ = {isa = PBXFileReference; lastKnownFileType = sourcecode.swift; path = SettingsTab.swift; sourceTree = "<group>"; };
		79D64E1E3000B147008229CA /* LocationService.swift */ = {isa = PBXFileReference; lastKnownFileType = sourcecode.swift; path = LocationService.swift; sourceTree = "<group>"; };
		79D64E203000B1EE008229CA /* StatsVM.swift */ = {isa = PBXFileReference; lastKnownFileType = sourcecode.swift; path = StatsVM.swift; sourceTree = "<group>"; };
		79D64E2330010D17008229CA /* NotificationService.swift */ = {isa = PBXFileReference; lastKnownFileType = sourcecode.swift; path = NotificationService.swift; sourceTree = "<group>"; };
/* End PBXFileReference section */

/* Begin PBXFileSystemSynchronizedRootGroup section */
		79D64DC92FFD6BBB008229CA /* TapFrenzy */ = {
			isa = PBXFileSystemSynchronizedRootGroup;
			path = TapFrenzy;
			sourceTree = "<group>";
		};
		79D64DD72FFD6BBD008229CA /* TapFrenzyTests */ = {
			isa = PBXFileSystemSynchronizedRootGroup;
			path = TapFrenzyTests;
			sourceTree = "<group>";
		};
		79D64DE12FFD6BBD008229CA /* TapFrenzyUITests */ = {
			isa = PBXFileSystemSynchronizedRootGroup;
			path = TapFrenzyUITests;
			sourceTree = "<group>";
		};
/* End PBXFileSystemSynchronizedRootGroup section */

/* Begin PBXFrameworksBuildPhase section */
		79D64DC42FFD6BBB008229CA /* Frameworks */ = {
			isa = PBXFrameworksBuildPhase;
			buildActionMask = 2147483647;
			files = (
			);
			runOnlyForDeploymentPostprocessing = 0;
		};
		79D64DD12FFD6BBD008229CA /* Frameworks */ = {
			isa = PBXFrameworksBuildPhase;
			buildActionMask = 2147483647;
			files = (
			);
			runOnlyForDeploymentPostprocessing = 0;
		};
		79D64DDB2FFD6BBD008229CA /* Frameworks */ = {
			isa = PBXFrameworksBuildPhase;
			buildActionMask = 2147483647;
			files = (
			);
			runOnlyForDeploymentPostprocessing = 0;
		};
/* End PBXFrameworksBuildPhase section */

/* Begin PBXGroup section */
		79D64DBE2FFD6BBB008229CA = {
			isa = PBXGroup;
			children = (
				79D64E0C2FFFBD99008229CA /* Views */,
				79D64E0B2FFFBD8A008229CA /* Services */,
				79D64E0A2FFFBD81008229CA /* ViewModels */,
				79D64E092FFFBD2F008229CA /* Models */,
				79D64DC92FFD6BBB008229CA /* TapFrenzy */,
				79D64DD72FFD6BBD008229CA /* TapFrenzyTests */,
				79D64DE12FFD6BBD008229CA /* TapFrenzyUITests */,
				79D64DC82FFD6BBB008229CA /* Products */,
			);
			sourceTree = "<group>";
		};
		79D64DC82FFD6BBB008229CA /* Products */ = {
			isa = PBXGroup;
			children = (
				79D64DC72FFD6BBB008229CA /* TapFrenzy.app */,
				79D64DD42FFD6BBD008229CA /* TapFrenzyTests.xctest */,
				79D64DDE2FFD6BBD008229CA /* TapFrenzyUITests.xctest */,
			);
			name = Products;
			sourceTree = "<group>";
		};
		79D64E092FFFBD2F008229CA /* Models */ = {
			isa = PBXGroup;
			children = (
				79D64E1230000908008229CA /* GameSession.swift */,
				79D64E103000085F008229CA /* GameMode.swift */,
				79D64DF42FFE0F80008229CA /* Card.swift */,
				79D64DF72FFE1312008229CA /* GameLevel.swift */,
				79D64DFD2FFEB314008229CA /* TriviaQuestion.swift */,
			);
			path = Models;
			sourceTree = "<group>";
		};
		79D64E0A2FFFBD81008229CA /* ViewModels */ = {
			isa = PBXGroup;
			children = (
				79D64E203000B1EE008229CA /* StatsVM.swift */,
				79D64E1630000B67008229CA /* LightItUpVM.swift */,
				79D64E1430000AF4008229CA /* TapFrenzyVM.swift */,
				79D64E032FFEBA9D008229CA /* QuizRushVM.swift */,
			);
			path = ViewModels;
			sourceTree = "<group>";
		};
		79D64E0B2FFFBD8A008229CA /* Services */ = {
			isa = PBXGroup;
			children = (
				79D64E2330010D17008229CA /* NotificationService.swift */,
				79D64E1E3000B147008229CA /* LocationService.swift */,
				79D64E002FFEB437008229CA /* TriviaAPI.swift */,
			);
			path = Services;
			sourceTree = "<group>";
		};
		79D64E0C2FFFBD99008229CA /* Views */ = {
			isa = PBXGroup;
			children = (
				79D64E0F2FFFBDC7008229CA /* Shared */,
				79D64E0E2FFFBDBD008229CA /* Games */,
				79D64E0D2FFFBDA9008229CA /* Tabs */,
			);
			path = Views;
			sourceTree = "<group>";
		};
		79D64E0D2FFFBDA9008229CA /* Tabs */ = {
			isa = PBXGroup;
			children = (
				79D64E1A3000A776008229CA /* MapTab.swift */,
				79D64E1C3000A784008229CA /* SettingsTab.swift */,
				79D64E183000A75A008229CA /* StatsTab.swift */,
				79D64DF12FFE0ED8008229CA /* HomeTab.swift */,
			);
			path = Tabs;
			sourceTree = "<group>";
		};
		79D64E0E2FFFBDBD008229CA /* Games */ = {
			isa = PBXGroup;
			children = (
				79D64DCC2FFD6BBB008229CA /* TapFrenzyView.swift */,
				79D64DFA2FFE1744008229CA /* LightItUpView.swift */,
				79D64E062FFEC8A6008229CA /* QuizRushView.swift */,
			);
			path = Games;
			sourceTree = "<group>";
		};
		79D64E0F2FFFBDC7008229CA /* Shared */ = {
			isa = PBXGroup;
			children = (
			);
			path = Shared;
			sourceTree = "<group>";
		};
/* End PBXGroup section */

/* Begin PBXNativeTarget section */
		79D64DC62FFD6BBB008229CA /* TapFrenzy */ = {
			isa = PBXNativeTarget;
			buildConfigurationList = 79D64DE82FFD6BBD008229CA /* Build configuration list for PBXNativeTarget "TapFrenzy" */;
			buildPhases = (
				79D64DC32FFD6BBB008229CA /* Sources */,
				79D64DC42FFD6BBB008229CA /* Frameworks */,
				79D64DC52FFD6BBB008229CA /* Resources */,
			);
			buildRules = (
			);
			dependencies = (
			);
			fileSystemSynchronizedGroups = (
				79D64DC92FFD6BBB008229CA /* TapFrenzy */,
			);
			name = TapFrenzy;
			packageProductDependencies = (
			);
			productName = TapFrenzy;
			productReference = 79D64DC72FFD6BBB008229CA /* TapFrenzy.app */;
			productType = "com.apple.product-type.application";
		};
		79D64DD32FFD6BBD008229CA /* TapFrenzyTests */ = {
			isa = PBXNativeTarget;
			buildConfigurationList = 79D64DEB2FFD6BBD008229CA /* Build configuration list for PBXNativeTarget "TapFrenzyTests" */;
			buildPhases = (
				79D64DD02FFD6BBD008229CA /* Sources */,
				79D64DD12FFD6BBD008229CA /* Frameworks */,
				79D64DD22FFD6BBD008229CA /* Resources */,
			);
			buildRules = (
			);
			dependencies = (
				79D64DD62FFD6BBD008229CA /* PBXTargetDependency */,
			);
			fileSystemSynchronizedGroups = (
				79D64DD72FFD6BBD008229CA /* TapFrenzyTests */,
			);
			name = TapFrenzyTests;
			packageProductDependencies = (
			);
			productName = TapFrenzyTests;
			productReference = 79D64DD42FFD6BBD008229CA /* TapFrenzyTests.xctest */;
			productType = "com.apple.product-type.bundle.unit-test";
		};
		79D64DDD2FFD6BBD008229CA /* TapFrenzyUITests */ = {
			isa = PBXNativeTarget;
			buildConfigurationList = 79D64DEE2FFD6BBD008229CA /* Build configuration list for PBXNativeTarget "TapFrenzyUITests" */;
			buildPhases = (
				79D64DDA2FFD6BBD008229CA /* Sources */,
				79D64DDB2FFD6BBD008229CA /* Frameworks */,
				79D64DDC2FFD6BBD008229CA /* Resources */,
			);
			buildRules = (
			);
			dependencies = (
				79D64DE02FFD6BBD008229CA /* PBXTargetDependency */,
			);
			fileSystemSynchronizedGroups = (
				79D64DE12FFD6BBD008229CA /* TapFrenzyUITests */,
			);
			name = TapFrenzyUITests;
			packageProductDependencies = (
			);
			productName = TapFrenzyUITests;
			productReference = 79D64DDE2FFD6BBD008229CA /* TapFrenzyUITests.xctest */;
			productType = "com.apple.product-type.bundle.ui-testing";
		};
/* End PBXNativeTarget section */

/* Begin PBXProject section */
		79D64DBF2FFD6BBB008229CA /* Project object */ = {
			isa = PBXProject;
			attributes = {
				BuildIndependentTargetsInParallel = 1;
				LastSwiftUpdateCheck = 1630;
				LastUpgradeCheck = 1630;
				TargetAttributes = {
					79D64DC62FFD6BBB008229CA = {
						CreatedOnToolsVersion = 16.3;
					};
					79D64DD32FFD6BBD008229CA = {
						CreatedOnToolsVersion = 16.3;
						TestTargetID = 79D64DC62FFD6BBB008229CA;
					};
					79D64DDD2FFD6BBD008229CA = {
						CreatedOnToolsVersion = 16.3;
						TestTargetID = 79D64DC62FFD6BBB008229CA;
					};
				};
			};
			buildConfigurationList = 79D64DC22FFD6BBB008229CA /* Build configuration list for PBXProject "TapFrenzy" */;
			developmentRegion = en;
			hasScannedForEncodings = 0;
			knownRegions = (
				en,
				Base,
			);
			mainGroup = 79D64DBE2FFD6BBB008229CA;
			minimizedProjectReferenceProxies = 1;
			preferredProjectObjectVersion = 77;
			productRefGroup = 79D64DC82FFD6BBB008229CA /* Products */;
			projectDirPath = "";
			projectRoot = "";
			targets = (
				79D64DC62FFD6BBB008229CA /* TapFrenzy */,
				79D64DD32FFD6BBD008229CA /* TapFrenzyTests */,
				79D64DDD2FFD6BBD008229CA /* TapFrenzyUITests */,
			);
		};
/* End PBXProject section */

/* Begin PBXResourcesBuildPhase section */
		79D64DC52FFD6BBB008229CA /* Resources */ = {
			isa = PBXResourcesBuildPhase;
			buildActionMask = 2147483647;
			files = (
			);
			runOnlyForDeploymentPostprocessing = 0;
		};
		79D64DD22FFD6BBD008229CA /* Resources */ = {
			isa = PBXResourcesBuildPhase;
			buildActionMask = 2147483647;
			files = (
			);
			runOnlyForDeploymentPostprocessing = 0;
		};
		79D64DDC2FFD6BBD008229CA /* Resources */ = {
			isa = PBXResourcesBuildPhase;
			buildActionMask = 2147483647;
			files = (
			);
			runOnlyForDeploymentPostprocessing = 0;
		};
/* End PBXResourcesBuildPhase section */

/* Begin PBXSourcesBuildPhase section */
		79D64DC32FFD6BBB008229CA /* Sources */ = {
			isa = PBXSourcesBuildPhase;
			buildActionMask = 2147483647;
			files = (
				79D64DF32FFE0EE2008229CA /* HomeTab.swift in Sources */,
				79D64DCD2FFD6BBB008229CA /* TapFrenzyView.swift in Sources */,
				79D64E1D3000A78A008229CA /* SettingsTab.swift in Sources */,
				79D64DF92FFE1316008229CA /* GameLevel.swift in Sources */,
				79D64E052FFEBA9F008229CA /* QuizRushVM.swift in Sources */,
				79D64E1530000AF5008229CA /* TapFrenzyVM.swift in Sources */,
				79D64E193000A75C008229CA /* StatsTab.swift in Sources */,
				79D64E1730000B68008229CA /* LightItUpVM.swift in Sources */,
				79D64E2430010D1D008229CA /* NotificationService.swift in Sources */,
				79D64DFC2FFE1748008229CA /* LightItUpView.swift in Sources */,
				79D64E082FFEC8A7008229CA /* QuizRushView.swift in Sources */,
				79D64E1130000860008229CA /* GameMode.swift in Sources */,
				79D64DFF2FFEB315008229CA /* TriviaQuestion.swift in Sources */,
				79D64E1B3000A777008229CA /* MapTab.swift in Sources */,
				79D64E022FFEB438008229CA /* TriviaAPI.swift in Sources */,
				79D64E1330000921008229CA /* GameSession.swift in Sources */,
				79D64E213000B1F0008229CA /* StatsVM.swift in Sources */,
				79D64E1F3000B149008229CA /* LocationService.swift in Sources */,
				79D64DF62FFE125F008229CA /* Card.swift in Sources */,
			);
			runOnlyForDeploymentPostprocessing = 0;
		};
		79D64DD02FFD6BBD008229CA /* Sources */ = {
			isa = PBXSourcesBuildPhase;
			buildActionMask = 2147483647;
			files = (
			);
			runOnlyForDeploymentPostprocessing = 0;
		};
		79D64DDA2FFD6BBD008229CA /* Sources */ = {
			isa = PBXSourcesBuildPhase;
			buildActionMask = 2147483647;
			files = (
			);
			runOnlyForDeploymentPostprocessing = 0;
		};
/* End PBXSourcesBuildPhase section */

/* Begin PBXTargetDependency section */
		79D64DD62FFD6BBD008229CA /* PBXTargetDependency */ = {
			isa = PBXTargetDependency;
			target = 79D64DC62FFD6BBB008229CA /* TapFrenzy */;
			targetProxy = 79D64DD52FFD6BBD008229CA /* PBXContainerItemProxy */;
		};
		79D64DE02FFD6BBD008229CA /* PBXTargetDependency */ = {
			isa = PBXTargetDependency;
			target = 79D64DC62FFD6BBB008229CA /* TapFrenzy */;
			targetProxy = 79D64DDF2FFD6BBD008229CA /* PBXContainerItemProxy */;
		};
/* End PBXTargetDependency section */

/* Begin XCBuildConfiguration section */
		79D64DE62FFD6BBD008229CA /* Debug */ = {
			isa = XCBuildConfiguration;
			buildSettings = {
				ALWAYS_SEARCH_USER_PATHS = NO;
				ASSETCATALOG_COMPILER_GENERATE_SWIFT_ASSET_SYMBOL_EXTENSIONS = YES;
				CLANG_ANALYZER_NONNULL = YES;
				CLANG_ANALYZER_NUMBER_OBJECT_CONVERSION = YES_AGGRESSIVE;
				CLANG_CXX_LANGUAGE_STANDARD = "gnu++20";
				CLANG_ENABLE_MODULES = YES;
				CLANG_ENABLE_OBJC_ARC = YES;
				CLANG_ENABLE_OBJC_WEAK = YES;
				CLANG_WARN_BLOCK_CAPTURE_AUTORELEASING = YES;
				CLANG_WARN_BOOL_CONVERSION = YES;
				CLANG_WARN_COMMA = YES;
				CLANG_WARN_CONSTANT_CONVERSION = YES;
				CLANG_WARN_DEPRECATED_OBJC_IMPLEMENTATIONS = YES;
				CLANG_WARN_DIRECT_OBJC_ISA_USAGE = YES_ERROR;
				CLANG_WARN_DOCUMENTATION_COMMENTS = YES;
				CLANG_WARN_EMPTY_BODY = YES;
				CLANG_WARN_ENUM_CONVERSION = YES;
				CLANG_WARN_INFINITE_RECURSION = YES;
				CLANG_WARN_INT_CONVERSION = YES;
				CLANG_WARN_NON_LITERAL_NULL_CONVERSION = YES;
				CLANG_WARN_OBJC_IMPLICIT_RETAIN_SELF = YES;
				CLANG_WARN_OBJC_LITERAL_CONVERSION = YES;
				CLANG_WARN_OBJC_ROOT_CLASS = YES_ERROR;
				CLANG_WARN_QUOTED_INCLUDE_IN_FRAMEWORK_HEADER = YES;
				CLANG_WARN_RANGE_LOOP_ANALYSIS = YES;
				CLANG_WARN_STRICT_PROTOTYPES = YES;
				CLANG_WARN_SUSPICIOUS_MOVE = YES;
				CLANG_WARN_UNGUARDED_AVAILABILITY = YES_AGGRESSIVE;
				CLANG_WARN_UNREACHABLE_CODE = YES;
				CLANG_WARN__DUPLICATE_METHOD_MATCH = YES;
				COPY_PHASE_STRIP = NO;
				DEBUG_INFORMATION_FORMAT = dwarf;
				ENABLE_STRICT_OBJC_MSGSEND = YES;
				ENABLE_TESTABILITY = YES;
				ENABLE_USER_SCRIPT_SANDBOXING = YES;
				GCC_C_LANGUAGE_STANDARD = gnu17;
				GCC_DYNAMIC_NO_PIC = NO;
				GCC_NO_COMMON_BLOCKS = YES;
				GCC_OPTIMIZATION_LEVEL = 0;
				GCC_PREPROCESSOR_DEFINITIONS = (
					"DEBUG=1",
					"$(inherited)",
				);
				GCC_WARN_64_TO_32_BIT_CONVERSION = YES;
				GCC_WARN_ABOUT_RETURN_TYPE = YES_ERROR;
				GCC_WARN_UNDECLARED_SELECTOR = YES;
				GCC_WARN_UNINITIALIZED_AUTOS = YES_AGGRESSIVE;
				GCC_WARN_UNUSED_FUNCTION = YES;
				GCC_WARN_UNUSED_VARIABLE = YES;
				IPHONEOS_DEPLOYMENT_TARGET = 18.4;
				LOCALIZATION_PREFERS_STRING_CATALOGS = YES;
				MTL_ENABLE_DEBUG_INFO = INCLUDE_SOURCE;
				MTL_FAST_MATH = YES;
				ONLY_ACTIVE_ARCH = YES;
				SDKROOT = iphoneos;
				SWIFT_ACTIVE_COMPILATION_CONDITIONS = "DEBUG $(inherited)";
				SWIFT_OPTIMIZATION_LEVEL = "-Onone";
			};
			name = Debug;
		};
		79D64DE72FFD6BBD008229CA /* Release */ = {
			isa = XCBuildConfiguration;
			buildSettings = {
				ALWAYS_SEARCH_USER_PATHS = NO;
				ASSETCATALOG_COMPILER_GENERATE_SWIFT_ASSET_SYMBOL_EXTENSIONS = YES;
				CLANG_ANALYZER_NONNULL = YES;
				CLANG_ANALYZER_NUMBER_OBJECT_CONVERSION = YES_AGGRESSIVE;
				CLANG_CXX_LANGUAGE_STANDARD = "gnu++20";
				CLANG_ENABLE_MODULES = YES;
				CLANG_ENABLE_OBJC_ARC = YES;
				CLANG_ENABLE_OBJC_WEAK = YES;
				CLANG_WARN_BLOCK_CAPTURE_AUTORELEASING = YES;
				CLANG_WARN_BOOL_CONVERSION = YES;
				CLANG_WARN_COMMA = YES;
				CLANG_WARN_CONSTANT_CONVERSION = YES;
				CLANG_WARN_DEPRECATED_OBJC_IMPLEMENTATIONS = YES;
				CLANG_WARN_DIRECT_OBJC_ISA_USAGE = YES_ERROR;
				CLANG_WARN_DOCUMENTATION_COMMENTS = YES;
				CLANG_WARN_EMPTY_BODY = YES;
				CLANG_WARN_ENUM_CONVERSION = YES;
				CLANG_WARN_INFINITE_RECURSION = YES;
				CLANG_WARN_INT_CONVERSION = YES;
				CLANG_WARN_NON_LITERAL_NULL_CONVERSION = YES;
				CLANG_WARN_OBJC_IMPLICIT_RETAIN_SELF = YES;
				CLANG_WARN_OBJC_LITERAL_CONVERSION = YES;
				CLANG_WARN_OBJC_ROOT_CLASS = YES_ERROR;
				CLANG_WARN_QUOTED_INCLUDE_IN_FRAMEWORK_HEADER = YES;
				CLANG_WARN_RANGE_LOOP_ANALYSIS = YES;
				CLANG_WARN_STRICT_PROTOTYPES = YES;
				CLANG_WARN_SUSPICIOUS_MOVE = YES;
				CLANG_WARN_UNGUARDED_AVAILABILITY = YES_AGGRESSIVE;
				CLANG_WARN_UNREACHABLE_CODE = YES;
				CLANG_WARN__DUPLICATE_METHOD_MATCH = YES;
				COPY_PHASE_STRIP = NO;
				DEBUG_INFORMATION_FORMAT = "dwarf-with-dsym";
				ENABLE_NS_ASSERTIONS = NO;
				ENABLE_STRICT_OBJC_MSGSEND = YES;
				ENABLE_USER_SCRIPT_SANDBOXING = YES;
				GCC_C_LANGUAGE_STANDARD = gnu17;
				GCC_NO_COMMON_BLOCKS = YES;
				GCC_WARN_64_TO_32_BIT_CONVERSION = YES;
				GCC_WARN_ABOUT_RETURN_TYPE = YES_ERROR;
				GCC_WARN_UNDECLARED_SELECTOR = YES;
				GCC_WARN_UNINITIALIZED_AUTOS = YES_AGGRESSIVE;
				GCC_WARN_UNUSED_FUNCTION = YES;
				GCC_WARN_UNUSED_VARIABLE = YES;
				IPHONEOS_DEPLOYMENT_TARGET = 18.4;
				LOCALIZATION_PREFERS_STRING_CATALOGS = YES;
				MTL_ENABLE_DEBUG_INFO = NO;
				MTL_FAST_MATH = YES;
				SDKROOT = iphoneos;
				SWIFT_COMPILATION_MODE = wholemodule;
				VALIDATE_PRODUCT = YES;
			};
			name = Release;
		};
		79D64DE92FFD6BBD008229CA /* Debug */ = {
			isa = XCBuildConfiguration;
			buildSettings = {
				ASSETCATALOG_COMPILER_APPICON_NAME = AppIcon;
				ASSETCATALOG_COMPILER_GLOBAL_ACCENT_COLOR_NAME = AccentColor;
				CODE_SIGN_STYLE = Automatic;
				CURRENT_PROJECT_VERSION = 1;
				ENABLE_PREVIEWS = YES;
				GENERATE_INFOPLIST_FILE = YES;
				INFOPLIST_KEY_NSLocationWhenInUseUsageDescription = "PlayHub uses your location to show where you played each game on the map.";
				INFOPLIST_KEY_UIApplicationSceneManifest_Generation = YES;
				INFOPLIST_KEY_UIApplicationSupportsIndirectInputEvents = YES;
				INFOPLIST_KEY_UILaunchScreen_Generation = YES;
				INFOPLIST_KEY_UISupportedInterfaceOrientations_iPad = "UIInterfaceOrientationPortrait UIInterfaceOrientationPortraitUpsideDown UIInterfaceOrientationLandscapeLeft UIInterfaceOrientationLandscapeRight";
				INFOPLIST_KEY_UISupportedInterfaceOrientations_iPhone = "UIInterfaceOrientationPortrait UIInterfaceOrientationLandscapeLeft UIInterfaceOrientationLandscapeRight";
				LD_RUNPATH_SEARCH_PATHS = (
					"$(inherited)",
					"@executable_path/Frameworks",
				);
				MARKETING_VERSION = 1.0;
				PRODUCT_BUNDLE_IDENTIFIER = Omar.TapFrenzy;
				PRODUCT_NAME = "$(TARGET_NAME)";
				SWIFT_EMIT_LOC_STRINGS = YES;
				SWIFT_VERSION = 5.0;
				TARGETED_DEVICE_FAMILY = "1,2";
			};
			name = Debug;
		};
		79D64DEA2FFD6BBD008229CA /* Release */ = {
			isa = XCBuildConfiguration;
			buildSettings = {
				ASSETCATALOG_COMPILER_APPICON_NAME = AppIcon;
				ASSETCATALOG_COMPILER_GLOBAL_ACCENT_COLOR_NAME = AccentColor;
				CODE_SIGN_STYLE = Automatic;
				CURRENT_PROJECT_VERSION = 1;
				ENABLE_PREVIEWS = YES;
				GENERATE_INFOPLIST_FILE = YES;
				INFOPLIST_KEY_NSLocationWhenInUseUsageDescription = "PlayHub uses your location to show where you played each game on the map.";
				INFOPLIST_KEY_UIApplicationSceneManifest_Generation = YES;
				INFOPLIST_KEY_UIApplicationSupportsIndirectInputEvents = YES;
				INFOPLIST_KEY_UILaunchScreen_Generation = YES;
				INFOPLIST_KEY_UISupportedInterfaceOrientations_iPad = "UIInterfaceOrientationPortrait UIInterfaceOrientationPortraitUpsideDown UIInterfaceOrientationLandscapeLeft UIInterfaceOrientationLandscapeRight";
				INFOPLIST_KEY_UISupportedInterfaceOrientations_iPhone = "UIInterfaceOrientationPortrait UIInterfaceOrientationLandscapeLeft UIInterfaceOrientationLandscapeRight";
				LD_RUNPATH_SEARCH_PATHS = (
					"$(inherited)",
					"@executable_path/Frameworks",
				);
				MARKETING_VERSION = 1.0;
				PRODUCT_BUNDLE_IDENTIFIER = Omar.TapFrenzy;
				PRODUCT_NAME = "$(TARGET_NAME)";
				SWIFT_EMIT_LOC_STRINGS = YES;
				SWIFT_VERSION = 5.0;
				TARGETED_DEVICE_FAMILY = "1,2";
			};
			name = Release;
		};
		79D64DEC2FFD6BBD008229CA /* Debug */ = {
			isa = XCBuildConfiguration;
			buildSettings = {
				BUNDLE_LOADER = "$(TEST_HOST)";
				CODE_SIGN_STYLE = Automatic;
				CURRENT_PROJECT_VERSION = 1;
				GENERATE_INFOPLIST_FILE = YES;
				IPHONEOS_DEPLOYMENT_TARGET = 18.4;
				MARKETING_VERSION = 1.0;
				PRODUCT_BUNDLE_IDENTIFIER = Omar.TapFrenzyTests;
				PRODUCT_NAME = "$(TARGET_NAME)";
				SWIFT_EMIT_LOC_STRINGS = NO;
				SWIFT_VERSION = 5.0;
				TARGETED_DEVICE_FAMILY = "1,2";
				TEST_HOST = "$(BUILT_PRODUCTS_DIR)/TapFrenzy.app/$(BUNDLE_EXECUTABLE_FOLDER_PATH)/TapFrenzy";
			};
			name = Debug;
		};
		79D64DED2FFD6BBD008229CA /* Release */ = {
			isa = XCBuildConfiguration;
			buildSettings = {
				BUNDLE_LOADER = "$(TEST_HOST)";
				CODE_SIGN_STYLE = Automatic;
				CURRENT_PROJECT_VERSION = 1;
				GENERATE_INFOPLIST_FILE = YES;
				IPHONEOS_DEPLOYMENT_TARGET = 18.4;
				MARKETING_VERSION = 1.0;
				PRODUCT_BUNDLE_IDENTIFIER = Omar.TapFrenzyTests;
				PRODUCT_NAME = "$(TARGET_NAME)";
				SWIFT_EMIT_LOC_STRINGS = NO;
				SWIFT_VERSION = 5.0;
				TARGETED_DEVICE_FAMILY = "1,2";
				TEST_HOST = "$(BUILT_PRODUCTS_DIR)/TapFrenzy.app/$(BUNDLE_EXECUTABLE_FOLDER_PATH)/TapFrenzy";
			};
			name = Release;
		};
		79D64DEF2FFD6BBD008229CA /* Debug */ = {
			isa = XCBuildConfiguration;
			buildSettings = {
				CODE_SIGN_STYLE = Automatic;
				CURRENT_PROJECT_VERSION = 1;
				GENERATE_INFOPLIST_FILE = YES;
				MARKETING_VERSION = 1.0;
				PRODUCT_BUNDLE_IDENTIFIER = Omar.TapFrenzyUITests;
				PRODUCT_NAME = "$(TARGET_NAME)";
				SWIFT_EMIT_LOC_STRINGS = NO;
				SWIFT_VERSION = 5.0;
				TARGETED_DEVICE_FAMILY = "1,2";
				TEST_TARGET_NAME = TapFrenzy;
			};
			name = Debug;
		};
		79D64DF02FFD6BBD008229CA /* Release */ = {
			isa = XCBuildConfiguration;
			buildSettings = {
				CODE_SIGN_STYLE = Automatic;
				CURRENT_PROJECT_VERSION = 1;
				GENERATE_INFOPLIST_FILE = YES;
				MARKETING_VERSION = 1.0;
				PRODUCT_BUNDLE_IDENTIFIER = Omar.TapFrenzyUITests;
				PRODUCT_NAME = "$(TARGET_NAME)";
				SWIFT_EMIT_LOC_STRINGS = NO;
				SWIFT_VERSION = 5.0;
				TARGETED_DEVICE_FAMILY = "1,2";
				TEST_TARGET_NAME = TapFrenzy;
			};
			name = Release;
		};
/* End XCBuildConfiguration section */

/* Begin XCConfigurationList section */
		79D64DC22FFD6BBB008229CA /* Build configuration list for PBXProject "TapFrenzy" */ = {
			isa = XCConfigurationList;
			buildConfigurations = (
				79D64DE62FFD6BBD008229CA /* Debug */,
				79D64DE72FFD6BBD008229CA /* Release */,
			);
			defaultConfigurationIsVisible = 0;
			defaultConfigurationName = Release;
		};
		79D64DE82FFD6BBD008229CA /* Build configuration list for PBXNativeTarget "TapFrenzy" */ = {
			isa = XCConfigurationList;
			buildConfigurations = (
				79D64DE92FFD6BBD008229CA /* Debug */,
				79D64DEA2FFD6BBD008229CA /* Release */,
			);
			defaultConfigurationIsVisible = 0;
			defaultConfigurationName = Release;
		};
		79D64DEB2FFD6BBD008229CA /* Build configuration list for PBXNativeTarget "TapFrenzyTests" */ = {
			isa = XCConfigurationList;
			buildConfigurations = (
				79D64DEC2FFD6BBD008229CA /* Debug */,
				79D64DED2FFD6BBD008229CA /* Release */,
			);
			defaultConfigurationIsVisible = 0;
			defaultConfigurationName = Release;
		};
		79D64DEE2FFD6BBD008229CA /* Build configuration list for PBXNativeTarget "TapFrenzyUITests" */ = {
			isa = XCConfigurationList;
			buildConfigurations = (
				79D64DEF2FFD6BBD008229CA /* Debug */,
				79D64DF02FFD6BBD008229CA /* Release */,
			);
			defaultConfigurationIsVisible = 0;
			defaultConfigurationName = Release;
		};
/* End XCConfigurationList section */
	};
	rootObject = 79D64DBF2FFD6BBB008229CA /* Project object */;
}
